Microsoft Visual Studio Solution File, Format Version 12.00
# Visual Studio 15
VisualStudioVersion = 15.0.27130.2027
MinimumVisualStudioVersion = 10.0.40219.1
Project("{FAE04EC0-301F-11D3-BF4B-00C04F79EFBC}") = "Web", "Web\Web.csproj", "{107C5452-9434-4408-97A4-8D639955F2C2}"
EndProject
Project("{FAE04EC0-301F-11D3-BF4B-00C04F79EFBC}") = "CLI", "CLI\CLI.csproj", "{8E79B013-3944-4006-A943-E037C768F8C8}"
EndProject
Global
	GlobalSection(SolutionConfigurationPlatforms) = preSolution
		Debug|Any CPU = Debug|Any CPU
		Release|Any CPU = Release|Any CPU
	EndGlobalSection
	GlobalSection(ProjectConfigurationPlatforms) = postSolution
		{107C5452-9434-4408-97A4-8D639955F2C2}.Debug|Any CPU.ActiveCfg = Debug|Any CPU
		{107C5452-9434-4408-97A4-8D639955F2C2}.Debug|Any CPU.Build.0 = Debug|Any CPU
		{107C5452-9434-4408-97A4-8D639955F2C2}.Release|Any CPU.ActiveCfg = Release|Any CPU
		{107C5452-9434-4408-97A4-8D639955F2C2}.Release|Any CPU.Build.0 = Release|Any CPU
		{8E79B013-3944-4006-A943-E037C768F8C8}.Debug|Any CPU.ActiveCfg = Debug|Any CPU
		{8E79B013-3944-4006-A943-E037C768F8C8}.Debug|Any CPU.Build.0 = Debug|Any CPU
		{8E79B013-3944-4006-A943-E037C768F8C8}.Release|Any CPU.ActiveCfg = Release|Any CPU
		{8E79B013-3944-4006-A943-E037C768F8C8}.Release|Any CPU.Build.0 = Release|Any CPU
	EndGlobalSection
	GlobalSection(SolutionProperties) = preSolution
		HideSolutionNode = FALSE
	EndGlobalSection
	GlobalSection(ExtensibilityGlobals) = postSolution
		SolutionGuid = {250FA5BD-3E55-4E13-B93D-C302CB1C8185}
	EndGlobalSection
EndGlobal
